
Microsoft Visual Studio Solution File, Format Version 12.00
# Visual Studio 15
VisualStudioVersion = 15.0.28307.136
MinimumVisualStudioVersion = 10.0.40219.1
Project("{FAE04EC0-301F-11D3-BF4B-00C04F79EFBC}") = "Exercise1AutomationCSharp", "Exercise1AutomationCSharp\Exercise1AutomationCSharp.csproj", "{DD1CE114-0D2F-44E4-8FD7-DF8742350816}"
EndProject
Project("{FAE04EC0-301F-11D3-BF4B-00C04F79EFBC}") = "Exercise2automationCsharp", "Exercise2automationCsharp\Exercise2automationCsharp.csproj", "{516C2933-CEB4-4F45-8DF1-A9829E09ECD1}"
EndProject
Global
	GlobalSection(SolutionConfigurationPlatforms) = preSolution
		Debug|Any CPU = Debug|Any CPU
		Release|Any CPU = Release|Any CPU
	EndGlobalSection
	GlobalSection(ProjectConfigurationPlatforms) = postSolution
		{DD1CE114-0D2F-44E4-8FD7-DF8742350816}.Debug|Any CPU.ActiveCfg = Debug|Any CPU
		{DD1CE114-0D2F-44E4-8FD7-DF8742350816}.Debug|Any CPU.Build.0 = Debug|Any CPU
		{DD1CE114-0D2F-44E4-8FD7-DF8742350816}.Release|Any CPU.ActiveCfg = Release|Any CPU
		{DD1CE114-0D2F-44E4-8FD7-DF8742350816}.Release|Any CPU.Build.0 = Release|Any CPU
		{516C2933-CEB4-4F45-8DF1-A9829E09ECD1}.Debug|Any CPU.ActiveCfg = Debug|Any CPU
		{516C2933-CEB4-4F45-8DF1-A9829E09ECD1}.Debug|Any CPU.Build.0 = Debug|Any CPU
		{516C2933-CEB4-4F45-8DF1-A9829E09ECD1}.Release|Any CPU.ActiveCfg = Release|Any CPU
		{516C2933-CEB4-4F45-8DF1-A9829E09ECD1}.Release|Any CPU.Build.0 = Release|Any CPU
	EndGlobalSection
	GlobalSection(SolutionProperties) = preSolution
		HideSolutionNode = FALSE
	EndGlobalSection
	GlobalSection(ExtensibilityGlobals) = postSolution
		SolutionGuid = {7D8CB267-D695-45F2-9A63-E2D54725155A}
	EndGlobalSection
EndGlobal
